Microsoft Visual Studio Solution File, Format Version 11.00
# Visual Studio 2008

Project("{99FAFAD0-82B1-E41D-8B13-16BEF043D242}") = "ExampleProject03_-_NonSquareReadingWritingGtiffTerrain", "Assembly-CSharp-vs.csproj", "{58E738B3-DA3F-9715-7BC3-1595A52C3195}"
EndProject
Project("{99FAFAD0-82B1-E41D-8B13-16BEF043D242}") = "ExampleProject03_-_NonSquareReadingWritingGtiffTerrain", "Assembly-CSharp-Editor-vs.csproj", "{F3AED267-E3CB-D810-33A0-6CB99879AE3E}"
EndProject
Global
	GlobalSection(SolutionConfigurationPlatforms) = preSolution
		Debug|Any CPU = Debug|Any CPU
		Release|Any CPU = Release|Any CPU
	EndGlobalSection
	GlobalSection(ProjectConfigurationPlatforms) = postSolution
		{58E738B3-DA3F-9715-7BC3-1595A52C3195}.Debug|Any CPU.ActiveCfg = Debug|Any CPU
		{58E738B3-DA3F-9715-7BC3-1595A52C3195}.Debug|Any CPU.Build.0 = Debug|Any CPU
		{58E738B3-DA3F-9715-7BC3-1595A52C3195}.Release|Any CPU.ActiveCfg = Release|Any CPU
		{58E738B3-DA3F-9715-7BC3-1595A52C3195}.Release|Any CPU.Build.0 = Release|Any CPU
		{F3AED267-E3CB-D810-33A0-6CB99879AE3E}.Debug|Any CPU.ActiveCfg = Debug|Any CPU
		{F3AED267-E3CB-D810-33A0-6CB99879AE3E}.Debug|Any CPU.Build.0 = Debug|Any CPU
		{F3AED267-E3CB-D810-33A0-6CB99879AE3E}.Release|Any CPU.ActiveCfg = Release|Any CPU
		{F3AED267-E3CB-D810-33A0-6CB99879AE3E}.Release|Any CPU.Build.0 = Release|Any CPU
	EndGlobalSection
	GlobalSection(SolutionProperties) = preSolution
		HideSolutionNode = FALSE
	EndGlobalSection
						GlobalSection(MonoDevelopProperties) = preSolution
		StartupItem = Assembly-CSharp.csproj
		Policies = $0
		$0.TextStylePolicy = $1
		$1.inheritsSet = null
		$1.scope = text/x-csharp
		$0.CSharpFormattingPolicy = $2
		$2.inheritsSet = Mono
		$2.inheritsScope = text/x-csharp
		$2.scope = text/x-csharp
		$0.TextStylePolicy = $3
		$3.FileWidth = 120
		$3.TabWidth = 4
		$3.EolMarker = Unix
		$3.inheritsSet = Mono
		$3.inheritsScope = text/plain
		$3.scope = text/plain
	EndGlobalSection

EndGlobal
