Microsoft Visual Studio Solution File, Format Version 11.00
# Visual Studio 2008

Project("{CFBF81BE-A5A8-8323-0E2F-C9B25881C624}") = "ExampleProject", "Assembly-CSharp.csproj", "{6F6F2FE7-37D7-A8E3-2731-C67BA23AC5BC}"
EndProject
Global
	GlobalSection(SolutionConfigurationPlatforms) = preSolution
		Debug|Any CPU = Debug|Any CPU
		Release|Any CPU = Release|Any CPU
	EndGlobalSection
	GlobalSection(ProjectConfigurationPlatforms) = postSolution
		{6F6F2FE7-37D7-A8E3-2731-C67BA23AC5BC}.Debug|Any CPU.ActiveCfg = Debug|Any CPU
		{6F6F2FE7-37D7-A8E3-2731-C67BA23AC5BC}.Debug|Any CPU.Build.0 = Debug|Any CPU
		{6F6F2FE7-37D7-A8E3-2731-C67BA23AC5BC}.Release|Any CPU.ActiveCfg = Release|Any CPU
		{6F6F2FE7-37D7-A8E3-2731-C67BA23AC5BC}.Release|Any CPU.Build.0 = Release|Any CPU
	EndGlobalSection
	GlobalSection(SolutionProperties) = preSolution
		HideSolutionNode = FALSE
	EndGlobalSection
	GlobalSection(MonoDevelopProperties) = preSolution
		StartupItem = Assembly-CSharp.csproj
		Policies = $0
		$0.TextStylePolicy = $1
		$1.inheritsSet = null
		$1.scope = text/x-csharp
		$0.CSharpFormattingPolicy = $2
		$2.inheritsSet = Mono
		$2.inheritsScope = text/x-csharp
		$2.scope = text/x-csharp
		$0.TextStylePolicy = $3
		$3.FileWidth = 120
		$3.TabWidth = 4
		$3.EolMarker = Unix
		$3.inheritsSet = Mono
		$3.inheritsScope = text/plain
		$3.scope = text/plain
	EndGlobalSection
EndGlobal
